[root]
name = "opcua-types"
version = "0.1.0"
dependencies = [
 "byteorder 0.5.3 (registry+https://github.com/rust-lang/crates.io-index)",
 "chrono 0.3.1 (registry+https://github.com/rust-lang/crates.io-index)",
 "lazy_static 0.2.6 (registry+https://github.com/rust-lang/crates.io-index)",
 "log 0.3.7 (registry+https://github.com/rust-lang/crates.io-index)",
 "rand 0.3.15 (registry+https://github.com/rust-lang/crates.io-index)",
 "regex 0.2.1 (registry+https://github.com/rust-lang/crates.io-index)",
 "tempdir 0.3.5 (registry+https://github.com/rust-lang/crates.io-index)",
 "url 1.4.0 (registry+https://github.com/rust-lang/crates.io-index)",
]

[[package]]
name = "aho-corasick"
version = "0.6.3"
source = "registry+https://github.com/rust-lang/crates.io-index"
dependencies = [
 "memchr 1.0.1 (registry+https://github.com/rust-lang/crates.io-index)",
]

[[package]]
name = "ansi_term"
version = "0.9.0"
source = "registry+https://github.com/rust-lang/crates.io-index"

[[package]]
name = "bitflags"
version = "0.7.0"
source = "registry+https://github.com/rust-lang/crates.io-index"

[[package]]
name = "byteorder"
version = "0.5.3"
source = "registry+https://github.com/rust-lang/crates.io-index"

[[package]]
name = "certificate-creator"
version = "0.1.0"
dependencies = [
 "clap 2.19.3 (registry+https://github.com/rust-lang/crates.io-index)",
 "log 0.3.7 (registry+https://github.com/rust-lang/crates.io-index)",
 "opcua-core 0.1.0",
]

[[package]]
name = "chrono"
version = "0.2.25"
source = "registry+https://github.com/rust-lang/crates.io-index"
dependencies = [
 "num 0.1.37 (registry+https://github.com/rust-lang/crates.io-index)",
 "time 0.1.36 (registry+https://github.com/rust-lang/crates.io-index)",
]

[[package]]
name = "chrono"
version = "0.3.1"
source = "registry+https://github.com/rust-lang/crates.io-index"
dependencies = [
 "num 0.1.37 (registry+https://github.com/rust-lang/crates.io-index)",
 "time 0.1.36 (registry+https://github.com/rust-lang/crates.io-index)",
]

[[package]]
name = "clap"
version = "2.19.3"
source = "registry+https://github.com/rust-lang/crates.io-index"
dependencies = [
 "ansi_term 0.9.0 (registry+https://github.com/rust-lang/crates.io-index)",
 "bitflags 0.7.0 (registry+https://github.com/rust-lang/crates.io-index)",
 "libc 0.2.21 (registry+https://github.com/rust-lang/crates.io-index)",
 "strsim 0.5.2 (registry+https://github.com/rust-lang/crates.io-index)",
 "term_size 0.2.3 (registry+https://github.com/rust-lang/crates.io-index)",
 "unicode-segmentation 0.1.3 (registry+https://github.com/rust-lang/crates.io-index)",
 "unicode-width 0.1.4 (registry+https://github.com/rust-lang/crates.io-index)",
 "vec_map 0.6.0 (registry+https://github.com/rust-lang/crates.io-index)",
]

[[package]]
name = "foreign-types"
version = "0.2.0"
source = "registry+https://github.com/rust-lang/crates.io-index"

[[package]]
name = "gcc"
version = "0.3.45"
source = "registry+https://github.com/rust-lang/crates.io-index"

[[package]]
name = "gdi32-sys"
version = "0.2.0"
source = "registry+https://github.com/rust-lang/crates.io-index"
dependencies = [
 "winapi 0.2.8 (registry+https://github.com/rust-lang/crates.io-index)",
 "winapi-build 0.1.1 (registry+https://github.com/rust-lang/crates.io-index)",
]

[[package]]
name = "idna"
version = "0.1.1"
source = "registry+https://github.com/rust-lang/crates.io-index"
dependencies = [
 "matches 0.1.4 (registry+https://github.com/rust-lang/crates.io-index)",
 "unicode-bidi 0.2.5 (registry+https://github.com/rust-lang/crates.io-index)",
 "unicode-normalization 0.1.4 (registry+https://github.com/rust-lang/crates.io-index)",
]

[[package]]
name = "kernel32-sys"
version = "0.2.2"
source = "registry+https://github.com/rust-lang/crates.io-index"
dependencies = [
 "winapi 0.2.8 (registry+https://github.com/rust-lang/crates.io-index)",
 "winapi-build 0.1.1 (registry+https://github.com/rust-lang/crates.io-index)",
]

[[package]]
name = "lazy_static"
version = "0.2.6"
source = "registry+https://github.com/rust-lang/crates.io-index"

[[package]]
name = "libc"
version = "0.2.21"
source = "registry+https://github.com/rust-lang/crates.io-index"

[[package]]
name = "linked-hash-map"
version = "0.3.0"
source = "registry+https://github.com/rust-lang/crates.io-index"

[[package]]
name = "log"
version = "0.3.7"
source = "registry+https://github.com/rust-lang/crates.io-index"

[[package]]
name = "matches"
version = "0.1.4"
source = "registry+https://github.com/rust-lang/crates.io-index"

[[package]]
name = "memchr"
version = "1.0.1"
source = "registry+https://github.com/rust-lang/crates.io-index"
dependencies = [
 "libc 0.2.21 (registry+https://github.com/rust-lang/crates.io-index)",
]

[[package]]
name = "num"
version = "0.1.37"
source = "registry+https://github.com/rust-lang/crates.io-index"
dependencies = [
 "num-integer 0.1.34 (registry+https://github.com/rust-lang/crates.io-index)",
 "num-iter 0.1.33 (registry+https://github.com/rust-lang/crates.io-index)",
 "num-traits 0.1.37 (registry+https://github.com/rust-lang/crates.io-index)",
]

[[package]]
name = "num-integer"
version = "0.1.34"
source = "registry+https://github.com/rust-lang/crates.io-index"
dependencies = [
 "num-traits 0.1.37 (registry+https://github.com/rust-lang/crates.io-index)",
]

[[package]]
name = "num-iter"
version = "0.1.33"
source = "registry+https://github.com/rust-lang/crates.io-index"
dependencies = [
 "num-integer 0.1.34 (registry+https://github.com/rust-lang/crates.io-index)",
 "num-traits 0.1.37 (registry+https://github.com/rust-lang/crates.io-index)",
]

[[package]]
name = "num-traits"
version = "0.1.37"
source = "registry+https://github.com/rust-lang/crates.io-index"

[[package]]
name = "opcua-client"
version = "0.1.0"
dependencies = [
 "chrono 0.3.1 (registry+https://github.com/rust-lang/crates.io-index)",
 "log 0.3.7 (registry+https://github.com/rust-lang/crates.io-index)",
 "opcua-core 0.1.0",
 "opcua-types 0.1.0",
 "url 1.4.0 (registry+https://github.com/rust-lang/crates.io-index)",
]

[[package]]
name = "opcua-core"
version = "0.1.0"
dependencies = [
 "chrono 0.3.1 (registry+https://github.com/rust-lang/crates.io-index)",
 "log 0.3.7 (registry+https://github.com/rust-lang/crates.io-index)",
 "opcua-types 0.1.0",
 "openssl 0.9.10 (registry+https://github.com/rust-lang/crates.io-index)",
 "rand 0.3.15 (registry+https://github.com/rust-lang/crates.io-index)",
 "regex 0.2.1 (registry+https://github.com/rust-lang/crates.io-index)",
 "tempdir 0.3.5 (registry+https://github.com/rust-lang/crates.io-index)",
]

[[package]]
name = "opcua-sample-client"
version = "0.1.0"
dependencies = [
 "opcua-client 0.1.0",
 "opcua-core 0.1.0",
 "opcua-types 0.1.0",
]

[[package]]
name = "opcua-sample-server"
version = "0.1.0"
dependencies = [
 "opcua-core 0.1.0",
 "opcua-server 0.1.0",
 "opcua-types 0.1.0",
]

[[package]]
name = "opcua-server"
version = "0.1.0"
dependencies = [
 "chrono 0.3.1 (registry+https://github.com/rust-lang/crates.io-index)",
 "log 0.3.7 (registry+https://github.com/rust-lang/crates.io-index)",
 "opcua-core 0.1.0",
 "opcua-types 0.1.0",
 "rand 0.3.15 (registry+https://github.com/rust-lang/crates.io-index)",
 "serde 0.9.13 (registry+https://github.com/rust-lang/crates.io-index)",
 "serde_derive 0.9.13 (registry+https://github.com/rust-lang/crates.io-index)",
 "serde_yaml 0.6.2 (registry+https://github.com/rust-lang/crates.io-index)",
 "time 0.1.36 (registry+https://github.com/rust-lang/crates.io-index)",
 "timer 0.1.6 (registry+https://github.com/rust-lang/crates.io-index)",
]

[[package]]
name = "openssl"
version = "0.9.10"
source = "registry+https://github.com/rust-lang/crates.io-index"
dependencies = [
 "bitflags 0.7.0 (registry+https://github.com/rust-lang/crates.io-index)",
 "foreign-types 0.2.0 (registry+https://github.com/rust-lang/crates.io-index)",
 "lazy_static 0.2.6 (registry+https://github.com/rust-lang/crates.io-index)",
 "libc 0.2.21 (registry+https://github.com/rust-lang/crates.io-index)",
 "openssl-sys 0.9.10 (registry+https://github.com/rust-lang/crates.io-index)",
]

[[package]]
name = "openssl-sys"
version = "0.9.10"
source = "registry+https://github.com/rust-lang/crates.io-index"
dependencies = [
 "gcc 0.3.45 (registry+https://github.com/rust-lang/crates.io-index)",
 "gdi32-sys 0.2.0 (registry+https://github.com/rust-lang/crates.io-index)",
 "libc 0.2.21 (registry+https://github.com/rust-lang/crates.io-index)",
 "pkg-config 0.3.9 (registry+https://github.com/rust-lang/crates.io-index)",
 "user32-sys 0.2.0 (registry+https://github.com/rust-lang/crates.io-index)",
]

[[package]]
name = "pkg-config"
version = "0.3.9"
source = "registry+https://github.com/rust-lang/crates.io-index"

[[package]]
name = "quote"
version = "0.3.15"
source = "registry+https://github.com/rust-lang/crates.io-index"

[[package]]
name = "rand"
version = "0.3.15"
source = "registry+https://github.com/rust-lang/crates.io-index"
dependencies = [
 "libc 0.2.21 (registry+https://github.com/rust-lang/crates.io-index)",
]

[[package]]
name = "redox_syscall"
version = "0.1.17"
source = "registry+https://github.com/rust-lang/crates.io-index"

[[package]]
name = "regex"
version = "0.2.1"
source = "registry+https://github.com/rust-lang/crates.io-index"
dependencies = [
 "aho-corasick 0.6.3 (registry+https://github.com/rust-lang/crates.io-index)",
 "memchr 1.0.1 (registry+https://github.com/rust-lang/crates.io-index)",
 "regex-syntax 0.4.0 (registry+https://github.com/rust-lang/crates.io-index)",
 "thread_local 0.3.3 (registry+https://github.com/rust-lang/crates.io-index)",
 "utf8-ranges 1.0.0 (registry+https://github.com/rust-lang/crates.io-index)",
]

[[package]]
name = "regex-syntax"
version = "0.4.0"
source = "registry+https://github.com/rust-lang/crates.io-index"

[[package]]
name = "serde"
version = "0.9.13"
source = "registry+https://github.com/rust-lang/crates.io-index"

[[package]]
name = "serde_codegen_internals"
version = "0.14.2"
source = "registry+https://github.com/rust-lang/crates.io-index"
dependencies = [
 "syn 0.11.10 (registry+https://github.com/rust-lang/crates.io-index)",
]

[[package]]
name = "serde_derive"
version = "0.9.13"
source = "registry+https://github.com/rust-lang/crates.io-index"
dependencies = [
 "quote 0.3.15 (registry+https://github.com/rust-lang/crates.io-index)",
 "serde_codegen_internals 0.14.2 (registry+https://github.com/rust-lang/crates.io-index)",
 "syn 0.11.10 (registry+https://github.com/rust-lang/crates.io-index)",
]

[[package]]
name = "serde_yaml"
version = "0.6.2"
source = "registry+https://github.com/rust-lang/crates.io-index"
dependencies = [
 "linked-hash-map 0.3.0 (registry+https://github.com/rust-lang/crates.io-index)",
 "serde 0.9.13 (registry+https://github.com/rust-lang/crates.io-index)",
 "yaml-rust 0.3.5 (registry+https://github.com/rust-lang/crates.io-index)",
]

[[package]]
name = "strsim"
version = "0.5.2"
source = "registry+https://github.com/rust-lang/crates.io-index"

[[package]]
name = "syn"
version = "0.11.10"
source = "registry+https://github.com/rust-lang/crates.io-index"
dependencies = [
 "quote 0.3.15 (registry+https://github.com/rust-lang/crates.io-index)",
 "synom 0.11.3 (registry+https://github.com/rust-lang/crates.io-index)",
 "unicode-xid 0.0.4 (registry+https://github.com/rust-lang/crates.io-index)",
]

[[package]]
name = "synom"
version = "0.11.3"
source = "registry+https://github.com/rust-lang/crates.io-index"
dependencies = [
 "unicode-xid 0.0.4 (registry+https://github.com/rust-lang/crates.io-index)",
]

[[package]]
name = "tempdir"
version = "0.3.5"
source = "registry+https://github.com/rust-lang/crates.io-index"
dependencies = [
 "rand 0.3.15 (registry+https://github.com/rust-lang/crates.io-index)",
]

[[package]]
name = "term_size"
version = "0.2.3"
source = "registry+https://github.com/rust-lang/crates.io-index"
dependencies = [
 "kernel32-sys 0.2.2 (registry+https://github.com/rust-lang/crates.io-index)",
 "libc 0.2.21 (registry+https://github.com/rust-lang/crates.io-index)",
 "winapi 0.2.8 (registry+https://github.com/rust-lang/crates.io-index)",
]

[[package]]
name = "thread-id"
version = "3.0.0"
source = "registry+https://github.com/rust-lang/crates.io-index"
dependencies = [
 "kernel32-sys 0.2.2 (registry+https://github.com/rust-lang/crates.io-index)",
 "libc 0.2.21 (registry+https://github.com/rust-lang/crates.io-index)",
]

[[package]]
name = "thread_local"
version = "0.3.3"
source = "registry+https://github.com/rust-lang/crates.io-index"
dependencies = [
 "thread-id 3.0.0 (registry+https://github.com/rust-lang/crates.io-index)",
 "unreachable 0.1.1 (registry+https://github.com/rust-lang/crates.io-index)",
]

[[package]]
name = "time"
version = "0.1.36"
source = "registry+https://github.com/rust-lang/crates.io-index"
dependencies = [
 "kernel32-sys 0.2.2 (registry+https://github.com/rust-lang/crates.io-index)",
 "libc 0.2.21 (registry+https://github.com/rust-lang/crates.io-index)",
 "redox_syscall 0.1.17 (registry+https://github.com/rust-lang/crates.io-index)",
 "winapi 0.2.8 (registry+https://github.com/rust-lang/crates.io-index)",
]

[[package]]
name = "timer"
version = "0.1.6"
source = "registry+https://github.com/rust-lang/crates.io-index"
dependencies = [
 "chrono 0.2.25 (registry+https://github.com/rust-lang/crates.io-index)",
]

[[package]]
name = "unicode-bidi"
version = "0.2.5"
source = "registry+https://github.com/rust-lang/crates.io-index"
dependencies = [
 "matches 0.1.4 (registry+https://github.com/rust-lang/crates.io-index)",
]

[[package]]
name = "unicode-normalization"
version = "0.1.4"
source = "registry+https://github.com/rust-lang/crates.io-index"

[[package]]
name = "unicode-segmentation"
version = "0.1.3"
source = "registry+https://github.com/rust-lang/crates.io-index"

[[package]]
name = "unicode-width"
version = "0.1.4"
source = "registry+https://github.com/rust-lang/crates.io-index"

[[package]]
name = "unicode-xid"
version = "0.0.4"
source = "registry+https://github.com/rust-lang/crates.io-index"

[[package]]
name = "unreachable"
version = "0.1.1"
source = "registry+https://github.com/rust-lang/crates.io-index"
dependencies = [
 "void 1.0.2 (registry+https://github.com/rust-lang/crates.io-index)",
]

[[package]]
name = "url"
version = "1.4.0"
source = "registry+https://github.com/rust-lang/crates.io-index"
dependencies = [
 "idna 0.1.1 (registry+https://github.com/rust-lang/crates.io-index)",
 "matches 0.1.4 (registry+https://github.com/rust-lang/crates.io-index)",
]

[[package]]
name = "user32-sys"
version = "0.2.0"
source = "registry+https://github.com/rust-lang/crates.io-index"
dependencies = [
 "winapi 0.2.8 (registry+https://github.com/rust-lang/crates.io-index)",
 "winapi-build 0.1.1 (registry+https://github.com/rust-lang/crates.io-index)",
]

[[package]]
name = "utf8-ranges"
version = "1.0.0"
source = "registry+https://github.com/rust-lang/crates.io-index"

[[package]]
name = "vec_map"
version = "0.6.0"
source = "registry+https://github.com/rust-lang/crates.io-index"

[[package]]
name = "void"
version = "1.0.2"
source = "registry+https://github.com/rust-lang/crates.io-index"

[[package]]
name = "winapi"
version = "0.2.8"
source = "registry+https://github.com/rust-lang/crates.io-index"

[[package]]
name = "winapi-build"
version = "0.1.1"
source = "registry+https://github.com/rust-lang/crates.io-index"

[[package]]
name = "yaml-rust"
version = "0.3.5"
source = "registry+https://github.com/rust-lang/crates.io-index"
dependencies = [
 "linked-hash-map 0.3.0 (registry+https://github.com/rust-lang/crates.io-index)",
]

[metadata]
"checksum aho-corasick 0.6.3 (registry+https://github.com/rust-lang/crates.io-index)" = "500909c4f87a9e52355b26626d890833e9e1d53ac566db76c36faa984b889699"
"checksum ansi_term 0.9.0 (registry+https://github.com/rust-lang/crates.io-index)" = "23ac7c30002a5accbf7e8987d0632fa6de155b7c3d39d0067317a391e00a2ef6"
"checksum bitflags 0.7.0 (registry+https://github.com/rust-lang/crates.io-index)" = "aad18937a628ec6abcd26d1489012cc0e18c21798210f491af69ded9b881106d"
"checksum byteorder 0.5.3 (registry+https://github.com/rust-lang/crates.io-index)" = "0fc10e8cc6b2580fda3f36eb6dc5316657f812a3df879a44a66fc9f0fdbc4855"
"checksum chrono 0.2.25 (registry+https://github.com/rust-lang/crates.io-index)" = "9213f7cd7c27e95c2b57c49f0e69b1ea65b27138da84a170133fd21b07659c00"
"checksum chrono 0.3.1 (registry+https://github.com/rust-lang/crates.io-index)" = "d9123be86fd2a8f627836c235ecdf331fdd067ecf7ac05aa1a68fbcf2429f056"
"checksum clap 2.19.3 (registry+https://github.com/rust-lang/crates.io-index)" = "95b78f3fe0fc94c13c731714363260e04b557a637166f33a4570d3189d642374"
"checksum foreign-types 0.2.0 (registry+https://github.com/rust-lang/crates.io-index)" = "3e4056b9bd47f8ac5ba12be771f77a0dae796d1bbaaf5fd0b9c2d38b69b8a29d"
"checksum gcc 0.3.45 (registry+https://github.com/rust-lang/crates.io-index)" = "40899336fb50db0c78710f53e87afc54d8c7266fb76262fecc78ca1a7f09deae"
"checksum gdi32-sys 0.2.0 (registry+https://github.com/rust-lang/crates.io-index)" = "0912515a8ff24ba900422ecda800b52f4016a56251922d397c576bf92c690518"
"checksum idna 0.1.1 (registry+https://github.com/rust-lang/crates.io-index)" = "6ac85ec3f80c8e4e99d9325521337e14ec7555c458a14e377d189659a427f375"
"checksum kernel32-sys 0.2.2 (registry+https://github.com/rust-lang/crates.io-index)" = "7507624b29483431c0ba2d82aece8ca6cdba9382bff4ddd0f7490560c056098d"
"checksum lazy_static 0.2.6 (registry+https://github.com/rust-lang/crates.io-index)" = "2f61b8421c7a4648c391611625d56fdd5c7567da05af1be655fd8cacc643abb3"
"checksum libc 0.2.21 (registry+https://github.com/rust-lang/crates.io-index)" = "88ee81885f9f04bff991e306fea7c1c60a5f0f9e409e99f6b40e3311a3363135"
"checksum linked-hash-map 0.3.0 (registry+https://github.com/rust-lang/crates.io-index)" = "6d262045c5b87c0861b3f004610afd0e2c851e2908d08b6c870cbb9d5f494ecd"
"checksum log 0.3.7 (registry+https://github.com/rust-lang/crates.io-index)" = "5141eca02775a762cc6cd564d8d2c50f67c0ea3a372cbf1c51592b3e029e10ad"
"checksum matches 0.1.4 (registry+https://github.com/rust-lang/crates.io-index)" = "efd7622e3022e1a6eaa602c4cea8912254e5582c9c692e9167714182244801b1"
"checksum memchr 1.0.1 (registry+https://github.com/rust-lang/crates.io-index)" = "1dbccc0e46f1ea47b9f17e6d67c5a96bd27030519c519c9c91327e31275a47b4"
"checksum num 0.1.37 (registry+https://github.com/rust-lang/crates.io-index)" = "98b15ba84e910ea7a1973bccd3df7b31ae282bf9d8bd2897779950c9b8303d40"
"checksum num-integer 0.1.34 (registry+https://github.com/rust-lang/crates.io-index)" = "ef1a4bf6f9174aa5783a9b4cc892cacd11aebad6c69ad027a0b65c6ca5f8aa37"
"checksum num-iter 0.1.33 (registry+https://github.com/rust-lang/crates.io-index)" = "f7d1891bd7b936f12349b7d1403761c8a0b85a18b148e9da4429d5d102c1a41e"
"checksum num-traits 0.1.37 (registry+https://github.com/rust-lang/crates.io-index)" = "e1cbfa3781f3fe73dc05321bed52a06d2d491eaa764c52335cf4399f046ece99"
"checksum openssl 0.9.10 (registry+https://github.com/rust-lang/crates.io-index)" = "d8aa0eb7aad44f0da6f7dda13ddb4559d91a0f40cfab150b1f76ad5b39ec523f"
"checksum openssl-sys 0.9.10 (registry+https://github.com/rust-lang/crates.io-index)" = "14f5bfd12054d764510b887152d564ba11d99ae24ea7d740781778f646620576"
"checksum pkg-config 0.3.9 (registry+https://github.com/rust-lang/crates.io-index)" = "3a8b4c6b8165cd1a1cd4b9b120978131389f64bdaf456435caa41e630edba903"
"checksum quote 0.3.15 (registry+https://github.com/rust-lang/crates.io-index)" = "7a6e920b65c65f10b2ae65c831a81a073a89edd28c7cce89475bff467ab4167a"
"checksum rand 0.3.15 (registry+https://github.com/rust-lang/crates.io-index)" = "022e0636ec2519ddae48154b028864bdce4eaf7d35226ab8e65c611be97b189d"
"checksum redox_syscall 0.1.17 (registry+https://github.com/rust-lang/crates.io-index)" = "29dbdfd4b9df8ab31dec47c6087b7b13cbf4a776f335e4de8efba8288dda075b"
"checksum regex 0.2.1 (registry+https://github.com/rust-lang/crates.io-index)" = "4278c17d0f6d62dfef0ab00028feb45bd7d2102843f80763474eeb1be8a10c01"
"checksum regex-syntax 0.4.0 (registry+https://github.com/rust-lang/crates.io-index)" = "2f9191b1f57603095f105d317e375d19b1c9c5c3185ea9633a99a6dcbed04457"
"checksum serde 0.9.13 (registry+https://github.com/rust-lang/crates.io-index)" = "231dfd55909400769e437326cfb4af8bec97c3dd56ab3d02df8ef5c7e00f179b"
"checksum serde_codegen_internals 0.14.2 (registry+https://github.com/rust-lang/crates.io-index)" = "bc888bd283bd2420b16ad0d860e35ad8acb21941180a83a189bb2046f9d00400"
"checksum serde_derive 0.9.13 (registry+https://github.com/rust-lang/crates.io-index)" = "d75c72ef4dd193d89eb652b73890fe2489996c9ead8b37980f57a1078f96ed50"
"checksum serde_yaml 0.6.2 (registry+https://github.com/rust-lang/crates.io-index)" = "f8bd3f24ad8c7bcd34a6d70ba676dc11302b96f4f166aa5f947762e01098844d"
"checksum strsim 0.5.2 (registry+https://github.com/rust-lang/crates.io-index)" = "67f84c44fbb2f91db7fef94554e6b2ac05909c9c0b0bc23bb98d3a1aebfe7f7c"
"checksum syn 0.11.10 (registry+https://github.com/rust-lang/crates.io-index)" = "171b739972d9a1bfb169e8077238b51f9ebeaae4ff6e08072f7ba386a8802da2"
"checksum synom 0.11.3 (registry+https://github.com/rust-lang/crates.io-index)" = "a393066ed9010ebaed60b9eafa373d4b1baac186dd7e008555b0f702b51945b6"
"checksum tempdir 0.3.5 (registry+https://github.com/rust-lang/crates.io-index)" = "87974a6f5c1dfb344d733055601650059a3363de2a6104819293baff662132d6"
"checksum term_size 0.2.3 (registry+https://github.com/rust-lang/crates.io-index)" = "07b6c1ac5b3fffd75073276bca1ceed01f67a28537097a2a9539e116e50fb21a"
"checksum thread-id 3.0.0 (registry+https://github.com/rust-lang/crates.io-index)" = "4437c97558c70d129e40629a5b385b3fb1ffac301e63941335e4d354081ec14a"
"checksum thread_local 0.3.3 (registry+https://github.com/rust-lang/crates.io-index)" = "c85048c6260d17cf486ceae3282d9fb6b90be220bf5b28c400f5485ffc29f0c7"
"checksum time 0.1.36 (registry+https://github.com/rust-lang/crates.io-index)" = "211b63c112206356ef1ff9b19355f43740fc3f85960c598a93d3a3d3ba7beade"
"checksum timer 0.1.6 (registry+https://github.com/rust-lang/crates.io-index)" = "a9522a9ec40055e2f9e514e38d2415a496e81dbfc1ece15d98d2fe55c44946b3"
"checksum unicode-bidi 0.2.5 (registry+https://github.com/rust-lang/crates.io-index)" = "d3a078ebdd62c0e71a709c3d53d2af693fe09fe93fbff8344aebe289b78f9032"
"checksum unicode-normalization 0.1.4 (registry+https://github.com/rust-lang/crates.io-index)" = "e28fa37426fceeb5cf8f41ee273faa7c82c47dc8fba5853402841e665fcd86ff"
"checksum unicode-segmentation 0.1.3 (registry+https://github.com/rust-lang/crates.io-index)" = "c3bc443ded17b11305ffffe6b37e2076f328a5a8cb6aa877b1b98f77699e98b5"
"checksum unicode-width 0.1.4 (registry+https://github.com/rust-lang/crates.io-index)" = "bf3a113775714a22dcb774d8ea3655c53a32debae63a063acc00a91cc586245f"
"checksum unicode-xid 0.0.4 (registry+https://github.com/rust-lang/crates.io-index)" = "8c1f860d7d29cf02cb2f3f359fd35991af3d30bac52c57d265a3c461074cb4dc"
"checksum unreachable 0.1.1 (registry+https://github.com/rust-lang/crates.io-index)" = "1f2ae5ddb18e1c92664717616dd9549dde73f539f01bd7b77c2edb2446bdff91"
"checksum url 1.4.0 (registry+https://github.com/rust-lang/crates.io-index)" = "f5ba8a749fb4479b043733416c244fa9d1d3af3d7c23804944651c8a448cb87e"
"checksum user32-sys 0.2.0 (registry+https://github.com/rust-lang/crates.io-index)" = "4ef4711d107b21b410a3a974b1204d9accc8b10dad75d8324b5d755de1617d47"
"checksum utf8-ranges 1.0.0 (registry+https://github.com/rust-lang/crates.io-index)" = "662fab6525a98beff2921d7f61a39e7d59e0b425ebc7d0d9e66d316e55124122"
"checksum vec_map 0.6.0 (registry+https://github.com/rust-lang/crates.io-index)" = "cac5efe5cb0fa14ec2f84f83c701c562ee63f6dcc680861b21d65c682adfb05f"
"checksum void 1.0.2 (registry+https://github.com/rust-lang/crates.io-index)" = "6a02e4885ed3bc0f2de90ea6dd45ebcbb66dacffe03547fadbb0eeae2770887d"
"checksum winapi 0.2.8 (registry+https://github.com/rust-lang/crates.io-index)" = "167dc9d6949a9b857f3451275e911c3f44255842c1f7a76f33c55103a909087a"
"checksum winapi-build 0.1.1 (registry+https://github.com/rust-lang/crates.io-index)" = "2d315eee3b34aca4797b2da6b13ed88266e6d612562a0c46390af8299fc699bc"
"checksum yaml-rust 0.3.5 (registry+https://github.com/rust-lang/crates.io-index)" = "e66366e18dc58b46801afbf2ca7661a9f59cc8c5962c29892b6039b4f86fa992"
